PODS:
  - Alamofire (5.0.2)
  - AlamofireImage (4.0.1):
    - Alamofire (< 6.0.0, >= 5.0.2)
  - ChameleonFramework/Default (2.1.0)
  - ChameleonFramework/Swift (2.1.0):
    - ChameleonFramework/Default
  - Crashlytics (3.14.0):
    - Fabric (~> 1.10.2)
  - Fabric (1.10.2)
  - PKHUD (5.3.0)
  - Siren (5.4.0)
  - StatusAlert (0.12.2)
  - SwiftGen (5.3.0)
  - SwiftMessages (7.0.1):
    - SwiftMessages/App (= 7.0.1)
  - SwiftMessages/App (7.0.1)
  - SwiftSpinner (2.1.0)
  - WhatsNewKit (1.3.1)

DEPENDENCIES:
  - Alamofire
  - AlamofireImage
  - ChameleonFramework/Swift (from `https://github.com/pommes/Chameleon.git`)
  - Crashlytics
  - Fabric
  - PKHUD
  - Siren
  - StatusAlert (~> 0.12.1)
  - SwiftGen (~> 5.3)
  - SwiftMessages
  - SwiftSpinner
  - WhatsNewKit

SPEC REPOS:
  https://github.com/cocoapods/specs.git:
    - Alamofire
    - AlamofireImage
    - Crashlytics
    - Fabric
    - PKHUD
    - Siren
    - StatusAlert
    - SwiftGen
    - SwiftMessages
    - SwiftSpinner
    - WhatsNewKit

EXTERNAL SOURCES:
  ChameleonFramework:
    :git: https://github.com/pommes/Chameleon.git

CHECKOUT OPTIONS:
  ChameleonFramework:
    :commit: 6b6cc5df797aa029263e20803dfc5e327cd16d06
    :git: https://github.com/pommes/Chameleon.git

SPEC CHECKSUMS:
  Alamofire: 3ba7a4db18b4f62c4a1c0e1cb39d7f3d52e10ada
  AlamofireImage: a8a5289046ac46b4d0183bcf73ce12ce30564cb7
  ChameleonFramework: d21a3cc247abfe5e37609a283a8238b03575cf64
  Crashlytics: 540b7e5f5da5a042647227a5e3ac51d85eed06df
  Fabric: 706c8b8098fff96c33c0db69cbf81f9c551d0d74
  PKHUD: 98f3e4bc904b9c916f1c5bb6d765365b5357291b
  Siren: 9df16ed5278cfaad7ea034f3d2206e4f6983e9b8
  StatusAlert: c2935888a01e89efc0f4478d7c452140386559ea
  SwiftGen: 4379bd3640b0a212a0f6ea3c494adba385513d10
  SwiftMessages: b577dc7043be8b299857ab35bb663dbff6483bd0
  SwiftSpinner: 0f15c006307f8d8bbac075638927ec1361b565d7
  WhatsNewKit: fc8ca82510148c030d66b3bb9b937175f8dcb3fd

PODFILE CHECKSUM: 02265004b0c357284f3e9a0d9e4c94a7bd82a076

COCOAPODS: 1.5.3
