// !$*UTF8*$!
{
	archiveVersion = 1;
	classes = {
	};
	objectVersion = 50;
	objects = {

/* Begin PBXBuildFile section */
		070A2E7C2050766A00541779 /* WeaponsLevels.swift in Sources */ = {isa = PBXBuildFile; fileRef = 070A2E7B2050766A00541779 /* WeaponsLevels.swift */; };
		0715AE092114A807007BD6F3 /* fort_to_niteUITests.swift in Sources */ = {isa = PBXBuildFile; fileRef = 0715AE082114A807007BD6F3 /* fort_to_niteUITests.swift */; };
		0715AE192114AAA3007BD6F3 /* fort_to_niteUIScreenshots.swift in Sources */ = {isa = PBXBuildFile; fileRef = 0715AE182114AAA3007BD6F3 /* fort_to_niteUIScreenshots.swift */; };
		0715AE202114AAAC007BD6F3 /* SnapshotHelper.swift in Sources */ = {isa = PBXBuildFile; fileRef = 0715AE102114AA2C007BD6F3 /* SnapshotHelper.swift */; };
		071E386120775BBE006CAFD2 /* ShadowLayers.swift in Sources */ = {isa = PBXBuildFile; fileRef = 071E386020775BBE006CAFD2 /* ShadowLayers.swift */; };
		07280D012408173C00C1ADD0 /* WeaponViewController.swift in Sources */ = {isa = PBXBuildFile; fileRef = 07D562C3204F1C1600AE5A68 /* WeaponViewController.swift */; };
		07280D022408173C00C1ADD0 /* Messages.swift in Sources */ = {isa = PBXBuildFile; fileRef = 072F61BF22F8128900E18C2A /* Messages.swift */; };
		07280D032408173C00C1ADD0 /* DetailsItemViewController.swift in Sources */ = {isa = PBXBuildFile; fileRef = 07631E26207F93A90078267B /* DetailsItemViewController.swift */; };
		07280D042408173C00C1ADD0 /* GradientView.swift in Sources */ = {isa = PBXBuildFile; fileRef = 07D8EE1C21B5CB0C00904A46 /* GradientView.swift */; };
		07280D052408173C00C1ADD0 /* JsonImageCoordinator.swift in Sources */ = {isa = PBXBuildFile; fileRef = 07281F2620AF0BCF0070BF57 /* JsonImageCoordinator.swift */; };
		07280D062408173C00C1ADD0 /* FavoritesTableViewController.swift in Sources */ = {isa = PBXBuildFile; fileRef = 07493C9920DD45BC00B7C5D1 /* FavoritesTableViewController.swift */; };
		07280D072408173C00C1ADD0 /* UserDefaults.swift in Sources */ = {isa = PBXBuildFile; fileRef = 07714934229E700800C5BA37 /* UserDefaults.swift */; };
		07280D082408173C00C1ADD0 /* ErrorManager.swift in Sources */ = {isa = PBXBuildFile; fileRef = 07FC946C209C61970077D9B0 /* ErrorManager.swift */; };
		07280D092408173C00C1ADD0 /* ItemsViewController.swift in Sources */ = {isa = PBXBuildFile; fileRef = 073A3733204D8EB8001D4AF5 /* ItemsViewController.swift */; };
		07280D0A2408173C00C1ADD0 /* DetailsForObjects.swift in Sources */ = {isa = PBXBuildFile; fileRef = 0749725C204E7169006048C6 /* DetailsForObjects.swift */; };
		07280D0B2408173C00C1ADD0 /* Locations.swift in Sources */ = {isa = PBXBuildFile; fileRef = 079E87D923A7E12700A8889A /* Locations.swift */; };
		07280D0C2408173C00C1ADD0 /* L10n.swift in Sources */ = {isa = PBXBuildFile; fileRef = 07A926F922F9DBAA002DF911 /* L10n.swift */; };
		07280D0D2408173C00C1ADD0 /* JsonService.swift in Sources */ = {isa = PBXBuildFile; fileRef = 076640782093516E0044900D /* JsonService.swift */; };
		07280D0E2408173C00C1ADD0 /* WeaponsDetails.swift in Sources */ = {isa = PBXBuildFile; fileRef = 07378F2320506C38008B48D8 /* WeaponsDetails.swift */; };
		07280D0F2408173C00C1ADD0 /* NewKitViewController.swift in Sources */ = {isa = PBXBuildFile; fileRef = 07B1C9912100F47700DD7807 /* NewKitViewController.swift */; };
		07280D102408173C00C1ADD0 /* Items.swift in Sources */ = {isa = PBXBuildFile; fileRef = 073A373E204DAB00001D4AF5 /* Items.swift */; };
		07280D112408173C00C1ADD0 /* ShadowLayers.swift in Sources */ = {isa = PBXBuildFile; fileRef = 071E386020775BBE006CAFD2 /* ShadowLayers.swift */; };
		07280D122408173C00C1ADD0 /* DetailsWeaponViewController.swift in Sources */ = {isa = PBXBuildFile; fileRef = 073A373A204D93B5001D4AF5 /* DetailsWeaponViewController.swift */; };
		07280D132408173C00C1ADD0 /* Weapons.swift in Sources */ = {isa = PBXBuildFile; fileRef = 073A373C204DAA34001D4AF5 /* Weapons.swift */; };
		07280D142408173C00C1ADD0 /* String.swift in Sources */ = {isa = PBXBuildFile; fileRef = 072F61C422F8392300E18C2A /* String.swift */; };
		07280D152408173C00C1ADD0 /* SettingsHelper.swift in Sources */ = {isa = PBXBuildFile; fileRef = 07F558DE2330D94B00AAE9AC /* SettingsHelper.swift */; };
		07280D162408173C00C1ADD0 /* Store.swift in Sources */ = {isa = PBXBuildFile; fileRef = 07D460F9219D796800D0A8D6 /* Store.swift */; };
		07280D172408173C00C1ADD0 /* AppDelegate.swift in Sources */ = {isa = PBXBuildFile; fileRef = 073A3714204D7CBA001D4AF5 /* AppDelegate.swift */; };
		07280D182408173C00C1ADD0 /* Throwable.swift in Sources */ = {isa = PBXBuildFile; fileRef = 076B4E27229E708000F398ED /* Throwable.swift */; };
		07280D192408173C00C1ADD0 /* ItemsDetails.swift in Sources */ = {isa = PBXBuildFile; fileRef = 07BDBDD7207D4FCB00BD5682 /* ItemsDetails.swift */; };
		07280D1A2408173C00C1ADD0 /* WeaponsLevels.swift in Sources */ = {isa = PBXBuildFile; fileRef = 070A2E7B2050766A00541779 /* WeaponsLevels.swift */; };
		07280D1B2408173C00C1ADD0 /* StoreViewController.swift in Sources */ = {isa = PBXBuildFile; fileRef = 07D460FB219DBA8000D0A8D6 /* StoreViewController.swift */; };
		07280D1C2408173C00C1ADD0 /* MessagesHelper.swift in Sources */ = {isa = PBXBuildFile; fileRef = 072F61C122F8342C00E18C2A /* MessagesHelper.swift */; };
		07280D1E2408173C00C1ADD0 /* Pods_fort_to_nite.framework in Frameworks */ = {isa = PBXBuildFile; fileRef = D895F0013B00A24988F23E8A /* Pods_fort_to_nite.framework */; };
		07280D202408173C00C1ADD0 /* Settings.bundle in Resources */ = {isa = PBXBuildFile; fileRef = 0733FC572080F626004ECD7D /* Settings.bundle */; };
		07280D212408173C00C1ADD0 /* swiftgen.yml in Resources */ = {isa = PBXBuildFile; fileRef = 07A926F322F9D7FB002DF911 /* swiftgen.yml */; };
		07280D222408173C00C1ADD0 /* GoogleService-Info.plist in Resources */ = {isa = PBXBuildFile; fileRef = 0795347F237182DB00C318CA /* GoogleService-Info.plist */; };
		07280D232408173C00C1ADD0 /* LaunchScreen.storyboard in Resources */ = {isa = PBXBuildFile; fileRef = 073A3720204D7CBB001D4AF5 /* LaunchScreen.storyboard */; };
		07280D242408173C00C1ADD0 /* BurbankBigRegular-Light.otf in Resources */ = {isa = PBXBuildFile; fileRef = 079449AF2100FEB400682F03 /* BurbankBigRegular-Light.otf */; };
		07280D252408173C00C1ADD0 /* Assets.xcassets in Resources */ = {isa = PBXBuildFile; fileRef = 073A371E204D7CBB001D4AF5 /* Assets.xcassets */; };
		07280D262408173C00C1ADD0 /* Localizable.strings in Resources */ = {isa = PBXBuildFile; fileRef = 07A9270322F9DE79002DF911 /* Localizable.strings */; };
		07280D272408173C00C1ADD0 /* Main.storyboard in Resources */ = {isa = PBXBuildFile; fileRef = 073A3718204D7CBA001D4AF5 /* Main.storyboard */; };
		07280D282408173C00C1ADD0 /* BurbankBigCondensed-Bold.otf in Resources */ = {isa = PBXBuildFile; fileRef = 073A3738204D90B8001D4AF5 /* BurbankBigCondensed-Bold.otf */; };
		07281F2720AF0BCF0070BF57 /* JsonImageCoordinator.swift in Sources */ = {isa = PBXBuildFile; fileRef = 07281F2620AF0BCF0070BF57 /* JsonImageCoordinator.swift */; };
		072F61C022F8128900E18C2A /* Messages.swift in Sources */ = {isa = PBXBuildFile; fileRef = 072F61BF22F8128900E18C2A /* Messages.swift */; };
		072F61C222F8342C00E18C2A /* MessagesHelper.swift in Sources */ = {isa = PBXBuildFile; fileRef = 072F61C122F8342C00E18C2A /* MessagesHelper.swift */; };
		072F61C522F8392300E18C2A /* String.swift in Sources */ = {isa = PBXBuildFile; fileRef = 072F61C422F8392300E18C2A /* String.swift */; };
		0733FC582080F626004ECD7D /* Settings.bundle in Resources */ = {isa = PBXBuildFile; fileRef = 0733FC572080F626004ECD7D /* Settings.bundle */; };
		07378F2420506C38008B48D8 /* WeaponsDetails.swift in Sources */ = {isa = PBXBuildFile; fileRef = 07378F2320506C38008B48D8 /* WeaponsDetails.swift */; };
		073A3715204D7CBA001D4AF5 /* AppDelegate.swift in Sources */ = {isa = PBXBuildFile; fileRef = 073A3714204D7CBA001D4AF5 /* AppDelegate.swift */; };
		073A371A204D7CBA001D4AF5 /* Main.storyboard in Resources */ = {isa = PBXBuildFile; fileRef = 073A3718204D7CBA001D4AF5 /* Main.storyboard */; };
		073A371F204D7CBB001D4AF5 /* Assets.xcassets in Resources */ = {isa = PBXBuildFile; fileRef = 073A371E204D7CBB001D4AF5 /* Assets.xcassets */; };
		073A3722204D7CBB001D4AF5 /* LaunchScreen.storyboard in Resources */ = {isa = PBXBuildFile; fileRef = 073A3720204D7CBB001D4AF5 /* LaunchScreen.storyboard */; };
		073A3734204D8EB8001D4AF5 /* ItemsViewController.swift in Sources */ = {isa = PBXBuildFile; fileRef = 073A3733204D8EB8001D4AF5 /* ItemsViewController.swift */; };
		073A3739204D90B9001D4AF5 /* BurbankBigCondensed-Bold.otf in Resources */ = {isa = PBXBuildFile; fileRef = 073A3738204D90B8001D4AF5 /* BurbankBigCondensed-Bold.otf */; };
		073A373B204D93B5001D4AF5 /* DetailsWeaponViewController.swift in Sources */ = {isa = PBXBuildFile; fileRef = 073A373A204D93B5001D4AF5 /* DetailsWeaponViewController.swift */; };
		073A373D204DAA34001D4AF5 /* Weapons.swift in Sources */ = {isa = PBXBuildFile; fileRef = 073A373C204DAA34001D4AF5 /* Weapons.swift */; };
		073A373F204DAB00001D4AF5 /* Items.swift in Sources */ = {isa = PBXBuildFile; fileRef = 073A373E204DAB00001D4AF5 /* Items.swift */; };
		07493C9A20DD45BC00B7C5D1 /* FavoritesTableViewController.swift in Sources */ = {isa = PBXBuildFile; fileRef = 07493C9920DD45BC00B7C5D1 /* FavoritesTableViewController.swift */; };
		0749725D204E7169006048C6 /* DetailsForObjects.swift in Sources */ = {isa = PBXBuildFile; fileRef = 0749725C204E7169006048C6 /* DetailsForObjects.swift */; };
		07631E27207F93A90078267B /* DetailsItemViewController.swift in Sources */ = {isa = PBXBuildFile; fileRef = 07631E26207F93A90078267B /* DetailsItemViewController.swift */; };
		076640792093516E0044900D /* JsonService.swift in Sources */ = {isa = PBXBuildFile; fileRef = 076640782093516E0044900D /* JsonService.swift */; };
		076B4E28229E708000F398ED /* Throwable.swift in Sources */ = {isa = PBXBuildFile; fileRef = 076B4E27229E708000F398ED /* Throwable.swift */; };
		07714935229E700800C5BA37 /* UserDefaults.swift in Sources */ = {isa = PBXBuildFile; fileRef = 07714934229E700800C5BA37 /* UserDefaults.swift */; };
		079449B02100FEB400682F03 /* BurbankBigRegular-Light.otf in Resources */ = {isa = PBXBuildFile; fileRef = 079449AF2100FEB400682F03 /* BurbankBigRegular-Light.otf */; };
		07953480237182DB00C318CA /* GoogleService-Info.plist in Resources */ = {isa = PBXBuildFile; fileRef = 0795347F237182DB00C318CA /* GoogleService-Info.plist */; };
		079E87DA23A7E12700A8889A /* Locations.swift in Sources */ = {isa = PBXBuildFile; fileRef = 079E87D923A7E12700A8889A /* Locations.swift */; };
		07A926F422F9D7FB002DF911 /* swiftgen.yml in Resources */ = {isa = PBXBuildFile; fileRef = 07A926F322F9D7FB002DF911 /* swiftgen.yml */; };
		07A926FA22F9DBAA002DF911 /* L10n.swift in Sources */ = {isa = PBXBuildFile; fileRef = 07A926F922F9DBAA002DF911 /* L10n.swift */; };
		07A9270422F9DE79002DF911 /* Localizable.strings in Resources */ = {isa = PBXBuildFile; fileRef = 07A9270322F9DE79002DF911 /* Localizable.strings */; };
		07B1C9922100F47700DD7807 /* NewKitViewController.swift in Sources */ = {isa = PBXBuildFile; fileRef = 07B1C9912100F47700DD7807 /* NewKitViewController.swift */; };
		07BDBDD8207D4FCB00BD5682 /* ItemsDetails.swift in Sources */ = {isa = PBXBuildFile; fileRef = 07BDBDD7207D4FCB00BD5682 /* ItemsDetails.swift */; };
		07D460FA219D796800D0A8D6 /* Store.swift in Sources */ = {isa = PBXBuildFile; fileRef = 07D460F9219D796800D0A8D6 /* Store.swift */; };
		07D460FC219DBA8000D0A8D6 /* StoreViewController.swift in Sources */ = {isa = PBXBuildFile; fileRef = 07D460FB219DBA8000D0A8D6 /* StoreViewController.swift */; };
		07D562C4204F1C1600AE5A68 /* WeaponViewController.swift in Sources */ = {isa = PBXBuildFile; fileRef = 07D562C3204F1C1600AE5A68 /* WeaponViewController.swift */; };
		07D8EE1D21B5CB0C00904A46 /* GradientView.swift in Sources */ = {isa = PBXBuildFile; fileRef = 07D8EE1C21B5CB0C00904A46 /* GradientView.swift */; };
		07F558DF2330D94B00AAE9AC /* SettingsHelper.swift in Sources */ = {isa = PBXBuildFile; fileRef = 07F558DE2330D94B00AAE9AC /* SettingsHelper.swift */; };
		07FC946D209C61970077D9B0 /* ErrorManager.swift in Sources */ = {isa = PBXBuildFile; fileRef = 07FC946C209C61970077D9B0 /* ErrorManager.swift */; };
		1AB0D835532E38254B334E9C /* Pods_fort_to_nite_catalyst.framework in Frameworks */ = {isa = PBXBuildFile; fileRef = DDEA934D04E2BD3E378FA3BD /* Pods_fort_to_nite_catalyst.framework */; };
		F8CCAA90BD2CFA0ADBE45E9C /* Pods_fort_to_nite.framework in Frameworks */ = {isa = PBXBuildFile; fileRef = D895F0013B00A24988F23E8A /* Pods_fort_to_nite.framework */; };
/* End PBXBuildFile section */

/* Begin PBXContainerItemProxy section */
		0715AE0B2114A807007BD6F3 /* PBXContainerItemProxy */ = {
			isa = PBXContainerItemProxy;
			containerPortal = 073A3709204D7CBA001D4AF5 /* Project object */;
			proxyType = 1;
			remoteGlobalIDString = 073A3710204D7CBA001D4AF5;
			remoteInfo = "fort-to-nite";
		};
		0715AE1B2114AAA3007BD6F3 /* PBXContainerItemProxy */ = {
			isa = PBXContainerItemProxy;
			containerPortal = 073A3709204D7CBA001D4AF5 /* Project object */;
			proxyType = 1;
			remoteGlobalIDString = 073A3710204D7CBA001D4AF5;
			remoteInfo = "fort-to-nite";
		};
/* End PBXContainerItemProxy section */

/* Begin PBXFileReference section */
		070A2E7B2050766A00541779 /* WeaponsLevels.swift */ = {isa = PBXFileReference; lastKnownFileType = sourcecode.swift; path = WeaponsLevels.swift; sourceTree = "<group>"; };
		070E9E7B20CAB88900E0BEA9 /* Gemfile */ = {isa = PBXFileReference; fileEncoding = 4; lastKnownFileType = text; path = Gemfile; sourceTree = "<group>"; };
		070E9E7C20CAB88900E0BEA9 /* Gemfile.lock */ = {isa = PBXFileReference; fileEncoding = 4; lastKnownFileType = text; path = Gemfile.lock; sourceTree = "<group>"; };
		0715AE062114A807007BD6F3 /* fort-to-niteUITests.xctest */ = {isa = PBXFileReference; explicitFileType = wrapper.cfbundle; includeInIndex = 0; path = "fort-to-niteUITests.xctest"; sourceTree = BUILT_PRODUCTS_DIR; };
		0715AE082114A807007BD6F3 /* fort_to_niteUITests.swift */ = {isa = PBXFileReference; lastKnownFileType = sourcecode.swift; path = fort_to_niteUITests.swift; sourceTree = "<group>"; };
		0715AE0A2114A807007BD6F3 /* Info.plist */ = {isa = PBXFileReference; lastKnownFileType = text.plist.xml; path = Info.plist; sourceTree = "<group>"; };
		0715AE102114AA2C007BD6F3 /* SnapshotHelper.swift */ = {isa = PBXFileReference; lastKnownFileType = sourcecode.swift; path = SnapshotHelper.swift; sourceTree = "<group>"; };
		0715AE162114AAA3007BD6F3 /* fort-to-niteUIScreenshots.xctest */ = {isa = PBXFileReference; explicitFileType = wrapper.cfbundle; includeInIndex = 0; path = "fort-to-niteUIScreenshots.xctest"; sourceTree = BUILT_PRODUCTS_DIR; };
		0715AE182114AAA3007BD6F3 /* fort_to_niteUIScreenshots.swift */ = {isa = PBXFileReference; lastKnownFileType = sourcecode.swift; path = fort_to_niteUIScreenshots.swift; sourceTree = "<group>"; };
		0715AE1A2114AAA3007BD6F3 /* Info.plist */ = {isa = PBXFileReference; lastKnownFileType = text.plist.xml; path = Info.plist; sourceTree = "<group>"; };
		071E386020775BBE006CAFD2 /* ShadowLayers.swift */ = {isa = PBXFileReference; lastKnownFileType = sourcecode.swift; path = ShadowLayers.swift; sourceTree = "<group>"; };
		07280D2E2408173C00C1ADD0 /* fort-to-nite-catalyst.app */ = {isa = PBXFileReference; explicitFileType = wrapper.application; includeInIndex = 0; path = "fort-to-nite-catalyst.app"; sourceTree = BUILT_PRODUCTS_DIR; };
		07280D2F2408173C00C1ADD0 /* fort-to-nite copy-Info.plist */ = {isa = PBXFileReference; lastKnownFileType = text.plist.xml; name = "fort-to-nite copy-Info.plist"; path = "/Users/romainsickenberg/Projects/haux49/FORTNITE_WIKI/fort-to-nite copy-Info.plist"; sourceTree = "<absolute>"; };
		07281F2620AF0BCF0070BF57 /* JsonImageCoordinator.swift */ = {isa = PBXFileReference; lastKnownFileType = sourcecode.swift; path = JsonImageCoordinator.swift; sourceTree = "<group>"; };
		072F61BF22F8128900E18C2A /* Messages.swift */ = {isa = PBXFileReference; lastKnownFileType = sourcecode.swift; path = Messages.swift; sourceTree = "<group>"; };
		072F61C122F8342C00E18C2A /* MessagesHelper.swift */ = {isa = PBXFileReference; lastKnownFileType = sourcecode.swift; path = MessagesHelper.swift; sourceTree = "<group>"; };
		072F61C422F8392300E18C2A /* String.swift */ = {isa = PBXFileReference; lastKnownFileType = sourcecode.swift; path = String.swift; sourceTree = "<group>"; };
		0733FC572080F626004ECD7D /* Settings.bundle */ = {isa = PBXFileReference; lastKnownFileType = "wrapper.plug-in"; path = Settings.bundle; sourceTree = "<group>"; };
		07378F2320506C38008B48D8 /* WeaponsDetails.swift */ = {isa = PBXFileReference; lastKnownFileType = sourcecode.swift; path = WeaponsDetails.swift; sourceTree = "<group>"; };
		073A3711204D7CBA001D4AF5 /* fort-to-nite.app */ = {isa = PBXFileReference; explicitFileType = wrapper.application; includeInIndex = 0; path = "fort-to-nite.app"; sourceTree = BUILT_PRODUCTS_DIR; };
		073A3714204D7CBA001D4AF5 /* AppDelegate.swift */ = {isa = PBXFileReference; lastKnownFileType = sourcecode.swift; path = AppDelegate.swift; sourceTree = "<group>"; };
		073A3719204D7CBA001D4AF5 /* Base */ = {isa = PBXFileReference; lastKnownFileType = file.storyboard; name = Base; path = Base.lproj/Main.storyboard; sourceTree = "<group>"; };
		073A371E204D7CBB001D4AF5 /* Assets.xcassets */ = {isa = PBXFileReference; lastKnownFileType = folder.assetcatalog; path = Assets.xcassets; sourceTree = "<group>"; };
		073A3721204D7CBB001D4AF5 /* Base */ = {isa = PBXFileReference; lastKnownFileType = file.storyboard; name = Base; path = Base.lproj/LaunchScreen.storyboard; sourceTree = "<group>"; };
		073A3723204D7CBB001D4AF5 /* Info.plist */ = {isa = PBXFileReference; lastKnownFileType = text.plist.xml; path = Info.plist; sourceTree = "<group>"; };
		073A3733204D8EB8001D4AF5 /* ItemsViewController.swift */ = {isa = PBXFileReference; lastKnownFileType = sourcecode.swift; path = ItemsViewController.swift; sourceTree = "<group>"; };
		073A3738204D90B8001D4AF5 /* BurbankBigCondensed-Bold.otf */ = {isa = PBXFileReference; lastKnownFileType = file; path = "BurbankBigCondensed-Bold.otf"; sourceTree = "<group>"; };
		073A373A204D93B5001D4AF5 /* DetailsWeaponViewController.swift */ = {isa = PBXFileReference; lastKnownFileType = sourcecode.swift; path = DetailsWeaponViewController.swift; sourceTree = "<group>"; };
		073A373C204DAA34001D4AF5 /* Weapons.swift */ = {isa = PBXFileReference; lastKnownFileType = sourcecode.swift; path = Weapons.swift; sourceTree = "<group>"; };
		073A373E204DAB00001D4AF5 /* Items.swift */ = {isa = PBXFileReference; lastKnownFileType = sourcecode.swift; path = Items.swift; sourceTree = "<group>"; };
		07493C9920DD45BC00B7C5D1 /* FavoritesTableViewController.swift */ = {isa = PBXFileReference; lastKnownFileType = sourcecode.swift; path = FavoritesTableViewController.swift; sourceTree = "<group>"; };
		0749725C204E7169006048C6 /* DetailsForObjects.swift */ = {isa = PBXFileReference; lastKnownFileType = sourcecode.swift; path = DetailsForObjects.swift; sourceTree = "<group>"; };
		07631E26207F93A90078267B /* DetailsItemViewController.swift */ = {isa = PBXFileReference; lastKnownFileType = sourcecode.swift; path = DetailsItemViewController.swift; sourceTree = "<group>"; };
		076640782093516E0044900D /* JsonService.swift */ = {isa = PBXFileReference; lastKnownFileType = sourcecode.swift; path = JsonService.swift; sourceTree = "<group>"; };
		076B4E27229E708000F398ED /* Throwable.swift */ = {isa = PBXFileReference; lastKnownFileType = sourcecode.swift; path = Throwable.swift; sourceTree = "<group>"; };
		07714934229E700800C5BA37 /* UserDefaults.swift */ = {isa = PBXFileReference; lastKnownFileType = sourcecode.swift; path = UserDefaults.swift; sourceTree = "<group>"; };
		079449AF2100FEB400682F03 /* BurbankBigRegular-Light.otf */ = {isa = PBXFileReference; lastKnownFileType = file; path = "BurbankBigRegular-Light.otf"; sourceTree = "<group>"; };
		0795347F237182DB00C318CA /* GoogleService-Info.plist */ = {isa = PBXFileReference; fileEncoding = 4; lastKnownFileType = text.plist.xml; path = "GoogleService-Info.plist"; sourceTree = "<group>"; };
		079E87D923A7E12700A8889A /* Locations.swift */ = {isa = PBXFileReference; lastKnownFileType = sourcecode.swift; path = Locations.swift; sourceTree = "<group>"; };
		07A926F322F9D7FB002DF911 /* swiftgen.yml */ = {isa = PBXFileReference; lastKnownFileType = text; path = swiftgen.yml; sourceTree = "<group>"; };
		07A926F922F9DBAA002DF911 /* L10n.swift */ = {isa = PBXFileReference; fileEncoding = 4; lastKnownFileType = sourcecode.swift; path = L10n.swift; sourceTree = "<group>"; };
		07A9270322F9DE79002DF911 /* Localizable.strings */ = {isa = PBXFileReference; fileEncoding = 4; lastKnownFileType = text.plist.strings; path = Localizable.strings; sourceTree = "<group>"; };
		07B0EC9F24066DC100E86432 /* fort-to-nite.entitlements */ = {isa = PBXFileReference; lastKnownFileType = text.plist.entitlements; path = "fort-to-nite.entitlements"; sourceTree = "<group>"; };
		07B1C9912100F47700DD7807 /* NewKitViewController.swift */ = {isa = PBXFileReference; lastKnownFileType = sourcecode.swift; path = NewKitViewController.swift; sourceTree = "<group>"; };
		07B26FE5204ED15C008F9E3A /* changelog.md */ = {isa = PBXFileReference; fileEncoding = 4; lastKnownFileType = net.daringfireball.markdown; name = changelog.md; path = ../../changelog.md; sourceTree = "<group>"; };
		07B26FE6204ED15C008F9E3A /* toDo.txt */ = {isa = PBXFileReference; fileEncoding = 4; lastKnownFileType = text; name = toDo.txt; path = ../../toDo.txt; sourceTree = "<group>"; };
		07B26FE7204ED15C008F9E3A /* README.md */ = {isa = PBXFileReference; fileEncoding = 4; lastKnownFileType = net.daringfireball.markdown; name = README.md; path = ../../README.md; sourceTree = "<group>"; };
		07BDBDD7207D4FCB00BD5682 /* ItemsDetails.swift */ = {isa = PBXFileReference; lastKnownFileType = sourcecode.swift; path = ItemsDetails.swift; sourceTree = "<group>"; };
		07D460F9219D796800D0A8D6 /* Store.swift */ = {isa = PBXFileReference; lastKnownFileType = sourcecode.swift; path = Store.swift; sourceTree = "<group>"; };
		07D460FB219DBA8000D0A8D6 /* StoreViewController.swift */ = {isa = PBXFileReference; lastKnownFileType = sourcecode.swift; path = StoreViewController.swift; sourceTree = "<group>"; };
		07D562C3204F1C1600AE5A68 /* WeaponViewController.swift */ = {isa = PBXFileReference; fileEncoding = 4; lastKnownFileType = sourcecode.swift; path = WeaponViewController.swift; sourceTree = "<group>"; };
		07D8EE1C21B5CB0C00904A46 /* GradientView.swift */ = {isa = PBXFileReference; lastKnownFileType = sourcecode.swift; path = GradientView.swift; sourceTree = "<group>"; };
		07F558DE2330D94B00AAE9AC /* SettingsHelper.swift */ = {isa = PBXFileReference; lastKnownFileType = sourcecode.swift; path = SettingsHelper.swift; sourceTree = "<group>"; };
		07FC946C209C61970077D9B0 /* ErrorManager.swift */ = {isa = PBXFileReference; lastKnownFileType = sourcecode.swift; path = ErrorManager.swift; sourceTree = "<group>"; };
		73DE8F9286BED8BD1EE2F9D8 /* Pods-fort-to-nite-catalyst.release.xcconfig */ = {isa = PBXFileReference; includeInIndex = 1; lastKnownFileType = text.xcconfig; name = "Pods-fort-to-nite-catalyst.release.xcconfig"; path = "Pods/Target Support Files/Pods-fort-to-nite-catalyst/Pods-fort-to-nite-catalyst.release.xcconfig"; sourceTree = "<group>"; };
		8D1AB507E76CEB5CF362F1E5 /* Pods-fort-to-nite.debug.xcconfig */ = {isa = PBXFileReference; includeInIndex = 1; lastKnownFileType = text.xcconfig; name = "Pods-fort-to-nite.debug.xcconfig"; path = "Pods/Target Support Files/Pods-fort-to-nite/Pods-fort-to-nite.debug.xcconfig"; sourceTree = "<group>"; };
		A3FAD07BEC4E55295C966C41 /* Pods-fort-to-nite-catalyst.debug.xcconfig */ = {isa = PBXFileReference; includeInIndex = 1; lastKnownFileType = text.xcconfig; name = "Pods-fort-to-nite-catalyst.debug.xcconfig"; path = "Pods/Target Support Files/Pods-fort-to-nite-catalyst/Pods-fort-to-nite-catalyst.debug.xcconfig"; sourceTree = "<group>"; };
		C538EB9E5806ED69D80420FE /* Pods-fort-to-nite.release.xcconfig */ = {isa = PBXFileReference; includeInIndex = 1; lastKnownFileType = text.xcconfig; name = "Pods-fort-to-nite.release.xcconfig"; path = "Pods/Target Support Files/Pods-fort-to-nite/Pods-fort-to-nite.release.xcconfig"; sourceTree = "<group>"; };
		D895F0013B00A24988F23E8A /* Pods_fort_to_nite.framework */ = {isa = PBXFileReference; explicitFileType = wrapper.framework; includeInIndex = 0; path = Pods_fort_to_nite.framework; sourceTree = BUILT_PRODUCTS_DIR; };
		DDEA934D04E2BD3E378FA3BD /* Pods_fort_to_nite_catalyst.framework */ = {isa = PBXFileReference; explicitFileType = wrapper.framework; includeInIndex = 0; path = Pods_fort_to_nite_catalyst.framework; sourceTree = BUILT_PRODUCTS_DIR; };
/* End PBXFileReference section */

/* Begin PBXFrameworksBuildPhase section */
		0715AE032114A807007BD6F3 /* Frameworks */ = {
			isa = PBXFrameworksBuildPhase;
			buildActionMask = 2147483647;
			files = (
			);
			runOnlyForDeploymentPostprocessing = 0;
		};
		0715AE132114AAA3007BD6F3 /* Frameworks */ = {
			isa = PBXFrameworksBuildPhase;
			buildActionMask = 2147483647;
			files = (
			);
			runOnlyForDeploymentPostprocessing = 0;
		};
		07280D1D2408173C00C1ADD0 /* Frameworks */ = {
			isa = PBXFrameworksBuildPhase;
			buildActionMask = 2147483647;
			files = (
				07280D1E2408173C00C1ADD0 /* Pods_fort_to_nite.framework in Frameworks */,
				1AB0D835532E38254B334E9C /* Pods_fort_to_nite_catalyst.framework in Frameworks */,
			);
			runOnlyForDeploymentPostprocessing = 0;
		};
		073A370E204D7CBA001D4AF5 /* Frameworks */ = {
			isa = PBXFrameworksBuildPhase;
			buildActionMask = 2147483647;
			files = (
				F8CCAA90BD2CFA0ADBE45E9C /* Pods_fort_to_nite.framework in Frameworks */,
			);
			runOnlyForDeploymentPostprocessing = 0;
		};
/* End PBXFrameworksBuildPhase section */

/* Begin PBXGroup section */
		0715AE072114A807007BD6F3 /* fort-to-niteUITests */ = {
			isa = PBXGroup;
			children = (
				0715AE082114A807007BD6F3 /* fort_to_niteUITests.swift */,
				0715AE0A2114A807007BD6F3 /* Info.plist */,
			);
			path = "fort-to-niteUITests";
			sourceTree = "<group>";
		};
		0715AE172114AAA3007BD6F3 /* fort-to-niteUIScreenshots */ = {
			isa = PBXGroup;
			children = (
				0715AE182114AAA3007BD6F3 /* fort_to_niteUIScreenshots.swift */,
				0715AE102114AA2C007BD6F3 /* SnapshotHelper.swift */,
				0715AE1A2114AAA3007BD6F3 /* Info.plist */,
			);
			path = "fort-to-niteUIScreenshots";
			sourceTree = "<group>";
		};
		07281F2520AF0BBB0070BF57 /* Coordinator */ = {
			isa = PBXGroup;
			children = (
				07281F2620AF0BCF0070BF57 /* JsonImageCoordinator.swift */,
			);
			path = Coordinator;
			sourceTree = "<group>";
		};
		07378F2520506C3C008B48D8 /* Details */ = {
			isa = PBXGroup;
			children = (
				07378F2320506C38008B48D8 /* WeaponsDetails.swift */,
				07BDBDD7207D4FCB00BD5682 /* ItemsDetails.swift */,
			);
			path = Details;
			sourceTree = "<group>";
		};
		073A3708204D7CBA001D4AF5 = {
			isa = PBXGroup;
			children = (
				073A3713204D7CBA001D4AF5 /* fort-to-nite */,
				0715AE072114A807007BD6F3 /* fort-to-niteUITests */,
				0715AE172114AAA3007BD6F3 /* fort-to-niteUIScreenshots */,
				073A3712204D7CBA001D4AF5 /* Products */,
				07A926F322F9D7FB002DF911 /* swiftgen.yml */,
				070E9E7B20CAB88900E0BEA9 /* Gemfile */,
				070E9E7C20CAB88900E0BEA9 /* Gemfile.lock */,
				4FE0E49A1E117C809BE0FEEA /* Pods */,
				96A02C20DE3F8FDAD0EB81DD /* Frameworks */,
				07280D2F2408173C00C1ADD0 /* fort-to-nite copy-Info.plist */,
			);
			sourceTree = "<group>";
		};
		073A3712204D7CBA001D4AF5 /* Products */ = {
			isa = PBXGroup;
			children = (
				073A3711204D7CBA001D4AF5 /* fort-to-nite.app */,
				0715AE062114A807007BD6F3 /* fort-to-niteUITests.xctest */,
				0715AE162114AAA3007BD6F3 /* fort-to-niteUIScreenshots.xctest */,
				07280D2E2408173C00C1ADD0 /* fort-to-nite-catalyst.app */,
			);
			name = Products;
			sourceTree = "<group>";
		};
		073A3713204D7CBA001D4AF5 /* fort-to-nite */ = {
			isa = PBXGroup;
			children = (
				07B0EC9F24066DC100E86432 /* fort-to-nite.entitlements */,
				0795347F237182DB00C318CA /* GoogleService-Info.plist */,
				073A3714204D7CBA001D4AF5 /* AppDelegate.swift */,
				07A926F222F9D7C2002DF911 /* Constants */,
				07281F2520AF0BBB0070BF57 /* Coordinator */,
				07714933229E6FF600C5BA37 /* Extensions */,
				073A372D204D8BB6001D4AF5 /* Helpers */,
				07A9270322F9DE79002DF911 /* Localizable.strings */,
				07FC946B209C618A0077D9B0 /* Managers */,
				073A372B204D7D19001D4AF5 /* Models */,
				073A372C204D7D47001D4AF5 /* Ressources */,
				07664077209351360044900D /* Services */,
				073A3729204D7CC5001D4AF5 /* Storyboards */,
				073A372A204D7CDC001D4AF5 /* Viewcontrollers */,
				07A9270522F9DEB0002DF911 /* Views */,
			);
			path = "fort-to-nite";
			sourceTree = "<group>";
		};
		073A3729204D7CC5001D4AF5 /* Storyboards */ = {
			isa = PBXGroup;
			children = (
				073A3718204D7CBA001D4AF5 /* Main.storyboard */,
				073A3720204D7CBB001D4AF5 /* LaunchScreen.storyboard */,
			);
			path = Storyboards;
			sourceTree = "<group>";
		};
		073A372A204D7CDC001D4AF5 /* Viewcontrollers */ = {
			isa = PBXGroup;
			children = (
				07A926EF22F9D2AD002DF911 /* Favorites */,
				07493C9820DD456200B7C5D1 /* Store */,
				07A926F022F9D2B9002DF911 /* Weapons */,
				07A926F122F9D2BF002DF911 /* Items */,
				07A926EE22F9D29A002DF911 /* Details */,
				07B1C9912100F47700DD7807 /* NewKitViewController.swift */,
			);
			path = Viewcontrollers;
			sourceTree = "<group>";
		};
		073A372B204D7D19001D4AF5 /* Models */ = {
			isa = PBXGroup;
			children = (
				07378F2520506C3C008B48D8 /* Details */,
				073A373C204DAA34001D4AF5 /* Weapons.swift */,
				073A373E204DAB00001D4AF5 /* Items.swift */,
				0749725C204E7169006048C6 /* DetailsForObjects.swift */,
				07D460F9219D796800D0A8D6 /* Store.swift */,
				072F61BF22F8128900E18C2A /* Messages.swift */,
				079E87D923A7E12700A8889A /* Locations.swift */,
			);
			path = Models;
			sourceTree = "<group>";
		};
		073A372C204D7D47001D4AF5 /* Ressources */ = {
			isa = PBXGroup;
			children = (
				073A3737204D90AC001D4AF5 /* Fonts */,
				073A371E204D7CBB001D4AF5 /* Assets.xcassets */,
				073A3723204D7CBB001D4AF5 /* Info.plist */,
				07B26FE5204ED15C008F9E3A /* changelog.md */,
				07B26FE7204ED15C008F9E3A /* README.md */,
				07B26FE6204ED15C008F9E3A /* toDo.txt */,
				0733FC572080F626004ECD7D /* Settings.bundle */,
			);
			path = Ressources;
			sourceTree = "<group>";
		};
		073A372D204D8BB6001D4AF5 /* Helpers */ = {
			isa = PBXGroup;
			children = (
				070A2E7B2050766A00541779 /* WeaponsLevels.swift */,
				071E386020775BBE006CAFD2 /* ShadowLayers.swift */,
				07D8EE1C21B5CB0C00904A46 /* GradientView.swift */,
				072F61C122F8342C00E18C2A /* MessagesHelper.swift */,
				07F558DE2330D94B00AAE9AC /* SettingsHelper.swift */,
			);
			path = Helpers;
			sourceTree = "<group>";
		};
		073A3737204D90AC001D4AF5 /* Fonts */ = {
			isa = PBXGroup;
			children = (
				079449AF2100FEB400682F03 /* BurbankBigRegular-Light.otf */,
				073A3738204D90B8001D4AF5 /* BurbankBigCondensed-Bold.otf */,
			);
			path = Fonts;
			sourceTree = "<group>";
		};
		07493C9820DD456200B7C5D1 /* Store */ = {
			isa = PBXGroup;
			children = (
				07D460FB219DBA8000D0A8D6 /* StoreViewController.swift */,
			);
			path = Store;
			sourceTree = "<group>";
		};
		07664077209351360044900D /* Services */ = {
			isa = PBXGroup;
			children = (
				076640782093516E0044900D /* JsonService.swift */,
			);
			path = Services;
			sourceTree = "<group>";
		};
		07714933229E6FF600C5BA37 /* Extensions */ = {
			isa = PBXGroup;
			children = (
				07714934229E700800C5BA37 /* UserDefaults.swift */,
				076B4E27229E708000F398ED /* Throwable.swift */,
				072F61C422F8392300E18C2A /* String.swift */,
			);
			path = Extensions;
			sourceTree = "<group>";
		};
		07A926EE22F9D29A002DF911 /* Details */ = {
			isa = PBXGroup;
			children = (
				073A373A204D93B5001D4AF5 /* DetailsWeaponViewController.swift */,
				07631E26207F93A90078267B /* DetailsItemViewController.swift */,
			);
			path = Details;
			sourceTree = "<group>";
		};
		07A926EF22F9D2AD002DF911 /* Favorites */ = {
			isa = PBXGroup;
			children = (
				07493C9920DD45BC00B7C5D1 /* FavoritesTableViewController.swift */,
			);
			path = Favorites;
			sourceTree = "<group>";
		};
		07A926F022F9D2B9002DF911 /* Weapons */ = {
			isa = PBXGroup;
			children = (
				07D562C3204F1C1600AE5A68 /* WeaponViewController.swift */,
			);
			path = Weapons;
			sourceTree = "<group>";
		};
		07A926F122F9D2BF002DF911 /* Items */ = {
			isa = PBXGroup;
			children = (
				073A3733204D8EB8001D4AF5 /* ItemsViewController.swift */,
			);
			path = Items;
			sourceTree = "<group>";
		};
		07A926F222F9D7C2002DF911 /* Constants */ = {
			isa = PBXGroup;
			children = (
				07A926F922F9DBAA002DF911 /* L10n.swift */,
			);
			path = Constants;
			sourceTree = "<group>";
		};
		07A9270522F9DEB0002DF911 /* Views */ = {
			isa = PBXGroup;
			children = (
			);
			path = Views;
			sourceTree = "<group>";
		};
		07FC946B209C618A0077D9B0 /* Managers */ = {
			isa = PBXGroup;
			children = (
				07FC946C209C61970077D9B0 /* ErrorManager.swift */,
			);
			path = Managers;
			sourceTree = "<group>";
		};
		4FE0E49A1E117C809BE0FEEA /* Pods */ = {
			isa = PBXGroup;
			children = (
				C538EB9E5806ED69D80420FE /* Pods-fort-to-nite.release.xcconfig */,
				8D1AB507E76CEB5CF362F1E5 /* Pods-fort-to-nite.debug.xcconfig */,
				73DE8F9286BED8BD1EE2F9D8 /* Pods-fort-to-nite-catalyst.release.xcconfig */,
				A3FAD07BEC4E55295C966C41 /* Pods-fort-to-nite-catalyst.debug.xcconfig */,
			);
			name = Pods;
			sourceTree = "<group>";
		};
		96A02C20DE3F8FDAD0EB81DD /* Frameworks */ = {
			isa = PBXGroup;
			children = (
				D895F0013B00A24988F23E8A /* Pods_fort_to_nite.framework */,
				DDEA934D04E2BD3E378FA3BD /* Pods_fort_to_nite_catalyst.framework */,
			);
			name = Frameworks;
			sourceTree = "<group>";
		};
/* End PBXGroup section */

/* Begin PBXNativeTarget section */
		0715AE052114A807007BD6F3 /* fort-to-niteUITests */ = {
			isa = PBXNativeTarget;
			buildConfigurationList = 0715AE0F2114A807007BD6F3 /* Build configuration list for PBXNativeTarget "fort-to-niteUITests" */;
			buildPhases = (
				0715AE022114A807007BD6F3 /* Sources */,
				0715AE032114A807007BD6F3 /* Frameworks */,
				0715AE042114A807007BD6F3 /* Resources */,
			);
			buildRules = (
			);
			dependencies = (
				0715AE0C2114A807007BD6F3 /* PBXTargetDependency */,
			);
			name = "fort-to-niteUITests";
			productName = "fort-to-niteUITests";
			productReference = 0715AE062114A807007BD6F3 /* fort-to-niteUITests.xctest */;
			productType = "com.apple.product-type.bundle.ui-testing";
		};
		0715AE152114AAA3007BD6F3 /* fort-to-niteUIScreenshots */ = {
			isa = PBXNativeTarget;
			buildConfigurationList = 0715AE1D2114AAA3007BD6F3 /* Build configuration list for PBXNativeTarget "fort-to-niteUIScreenshots" */;
			buildPhases = (
				0715AE122114AAA3007BD6F3 /* Sources */,
				0715AE132114AAA3007BD6F3 /* Frameworks */,
				0715AE142114AAA3007BD6F3 /* Resources */,
			);
			buildRules = (
			);
			dependencies = (
				0715AE1C2114AAA3007BD6F3 /* PBXTargetDependency */,
			);
			name = "fort-to-niteUIScreenshots";
			productName = "fort-to-niteUIScreenshots";
			productReference = 0715AE162114AAA3007BD6F3 /* fort-to-niteUIScreenshots.xctest */;
			productType = "com.apple.product-type.bundle.ui-testing";
		};
		07280CFE2408173C00C1ADD0 /* fort-to-nite-catalyst */ = {
			isa = PBXNativeTarget;
			buildConfigurationList = 07280D2B2408173C00C1ADD0 /* Build configuration list for PBXNativeTarget "fort-to-nite-catalyst" */;
			buildPhases = (
				07280CFF2408173C00C1ADD0 /* [CP] Check Pods Manifest.lock */,
				07280D002408173C00C1ADD0 /* Sources */,
				07280D1D2408173C00C1ADD0 /* Frameworks */,
				07280D1F2408173C00C1ADD0 /* Resources */,
				07280D292408173C00C1ADD0 /* ShellScript */,
				07280D2A2408173C00C1ADD0 /* [CP] Embed Pods Frameworks */,
			);
			buildRules = (
			);
			dependencies = (
			);
			name = "fort-to-nite-catalyst";
			productName = fortnite_wiki;
			productReference = 07280D2E2408173C00C1ADD0 /* fort-to-nite-catalyst.app */;
			productType = "com.apple.product-type.application";
		};
		073A3710204D7CBA001D4AF5 /* fort-to-nite */ = {
			isa = PBXNativeTarget;
			buildConfigurationList = 073A3726204D7CBB001D4AF5 /* Build configuration list for PBXNativeTarget "fort-to-nite" */;
			buildPhases = (
				ED6E450C414D9E84B7C6EA2B /* [CP] Check Pods Manifest.lock */,
				073A370D204D7CBA001D4AF5 /* Sources */,
				073A370E204D7CBA001D4AF5 /* Frameworks */,
				073A370F204D7CBA001D4AF5 /* Resources */,
				070C277722B0026D002E073F /* ShellScript */,
				C592F49F8F6707F4BB1546A1 /* [CP] Embed Pods Frameworks */,
			);
			buildRules = (
			);
			dependencies = (
			);
			name = "fort-to-nite";
			productName = fortnite_wiki;
			productReference = 073A3711204D7CBA001D4AF5 /* fort-to-nite.app */;
			productType = "com.apple.product-type.application";
		};
/* End PBXNativeTarget section */

/* Begin PBXProject section */
		073A3709204D7CBA001D4AF5 /* Project object */ = {
			isa = PBXProject;
			attributes = {
				LastSwiftUpdateCheck = 0940;
				LastUpgradeCheck = 0930;
				ORGANIZATIONNAME = "Romain Sickenberg";
				TargetAttributes = {
					0715AE052114A807007BD6F3 = {
						CreatedOnToolsVersion = 9.4.1;
						LastSwiftMigration = 1000;
						TestTargetID = 073A3710204D7CBA001D4AF5;
					};
					0715AE152114AAA3007BD6F3 = {
						CreatedOnToolsVersion = 9.4.1;
						LastSwiftMigration = 1000;
						TestTargetID = 073A3710204D7CBA001D4AF5;
					};
					073A3710204D7CBA001D4AF5 = {
						CreatedOnToolsVersion = 9.2;
						LastSwiftMigration = 1020;
						ProvisioningStyle = Automatic;
						SystemCapabilities = {
							com.apple.SafariKeychain = {
								enabled = 0;
							};
						};
					};
				};
			};
			buildConfigurationList = 073A370C204D7CBA001D4AF5 /* Build configuration list for PBXProject "fort-to-nite" */;
			compatibilityVersion = "Xcode 9.3";
			developmentRegion = en;
			hasScannedForEncodings = 0;
			knownRegions = (
				en,
				Base,
			);
			mainGroup = 073A3708204D7CBA001D4AF5;
			productRefGroup = 073A3712204D7CBA001D4AF5 /* Products */;
			projectDirPath = "";
			projectRoot = "";
			targets = (
				073A3710204D7CBA001D4AF5 /* fort-to-nite */,
				0715AE052114A807007BD6F3 /* fort-to-niteUITests */,
				0715AE152114AAA3007BD6F3 /* fort-to-niteUIScreenshots */,
				07280CFE2408173C00C1ADD0 /* fort-to-nite-catalyst */,
			);
		};
/* End PBXProject section */

/* Begin PBXResourcesBuildPhase section */
		0715AE042114A807007BD6F3 /* Resources */ = {
			isa = PBXResourcesBuildPhase;
			buildActionMask = 2147483647;
			files = (
			);
			runOnlyForDeploymentPostprocessing = 0;
		};
		0715AE142114AAA3007BD6F3 /* Resources */ = {
			isa = PBXResourcesBuildPhase;
			buildActionMask = 2147483647;
			files = (
			);
			runOnlyForDeploymentPostprocessing = 0;
		};
		07280D1F2408173C00C1ADD0 /* Resources */ = {
			isa = PBXResourcesBuildPhase;
			buildActionMask = 2147483647;
			files = (
				07280D202408173C00C1ADD0 /* Settings.bundle in Resources */,
				07280D212408173C00C1ADD0 /* swiftgen.yml in Resources */,
				07280D222408173C00C1ADD0 /* GoogleService-Info.plist in Resources */,
				07280D232408173C00C1ADD0 /* LaunchScreen.storyboard in Resources */,
				07280D242408173C00C1ADD0 /* BurbankBigRegular-Light.otf in Resources */,
				07280D252408173C00C1ADD0 /* Assets.xcassets in Resources */,
				07280D262408173C00C1ADD0 /* Localizable.strings in Resources */,
				07280D272408173C00C1ADD0 /* Main.storyboard in Resources */,
				07280D282408173C00C1ADD0 /* BurbankBigCondensed-Bold.otf in Resources */,
			);
			runOnlyForDeploymentPostprocessing = 0;
		};
		073A370F204D7CBA001D4AF5 /* Resources */ = {
			isa = PBXResourcesBuildPhase;
			buildActionMask = 2147483647;
			files = (
				0733FC582080F626004ECD7D /* Settings.bundle in Resources */,
				07A926F422F9D7FB002DF911 /* swiftgen.yml in Resources */,
				07953480237182DB00C318CA /* GoogleService-Info.plist in Resources */,
				073A3722204D7CBB001D4AF5 /* LaunchScreen.storyboard in Resources */,
				079449B02100FEB400682F03 /* BurbankBigRegular-Light.otf in Resources */,
				073A371F204D7CBB001D4AF5 /* Assets.xcassets in Resources */,
				07A9270422F9DE79002DF911 /* Localizable.strings in Resources */,
				073A371A204D7CBA001D4AF5 /* Main.storyboard in Resources */,
				073A3739204D90B9001D4AF5 /* BurbankBigCondensed-Bold.otf in Resources */,
			);
			runOnlyForDeploymentPostprocessing = 0;
		};
/* End PBXResourcesBuildPhase section */

/* Begin PBXShellScriptBuildPhase section */
		070C277722B0026D002E073F /* ShellScript */ = {
			isa = PBXShellScriptBuildPhase;
			buildActionMask = 2147483647;
			files = (
			);
			inputFileListPaths = (
			);
			inputPaths = (
			);
			outputFileListPaths = (
			);
			outputPaths = (
			);
			runOnlyForDeploymentPostprocessing = 0;
			shellPath = /bin/sh;
			shellScript = "# Type a script or drag a script file from your workspace to insert its path.\nif [[$ARCHS != \"x86_64\"]]; then\n    \"${PODS_ROOT}/Fabric/run\" 2b7f2649a89ec7162a4267caf217664a08962c85 50367c86428d4213370371894fe86ae1c9366798d1baa2dc1fe6a090fc7734a7 2b7f2649a89ec7162a4267caf217664a08962c85 50367c86428d4213370371894fe86ae1c9366798d1baa2dc1fe6a090fc7734a7\nfi\n";
		};
		07280CFF2408173C00C1ADD0 /* [CP] Check Pods Manifest.lock */ = {
			isa = PBXShellScriptBuildPhase;
			buildActionMask = 2147483647;
			files = (
			);
			inputFileListPaths = (
			);
			inputPaths = (
				"${PODS_PODFILE_DIR_PATH}/Podfile.lock",
				"${PODS_ROOT}/Manifest.lock",
			);
			name = "[CP] Check Pods Manifest.lock";
			outputFileListPaths = (
			);
			outputPaths = (
				"$(DERIVED_FILE_DIR)/Pods-fort-to-nite-catalyst-checkManifestLockResult.txt",
			);
			runOnlyForDeploymentPostprocessing = 0;
			shellPath = /bin/sh;
			shellScript = "diff \"${PODS_PODFILE_DIR_PATH}/Podfile.lock\" \"${PODS_ROOT}/Manifest.lock\" > /dev/null\nif [ $? != 0 ] ; then\n    # print error to STDERR\n    echo \"error: The sandbox is not in sync with the Podfile.lock. Run 'pod install' or update your CocoaPods installation.\" >&2\n    exit 1\nfi\n# This output is used by Xcode 'outputs' to avoid re-running this script phase.\necho \"SUCCESS\" > \"${SCRIPT_OUTPUT_FILE_0}\"\n";
			showEnvVarsInLog = 0;
		};
		07280D292408173C00C1ADD0 /* ShellScript */ = {
			isa = PBXShellScriptBuildPhase;
			buildActionMask = 2147483647;
			files = (
			);
			inputFileListPaths = (
			);
			inputPaths = (
			);
			outputFileListPaths = (
			);
			outputPaths = (
			);
			runOnlyForDeploymentPostprocessing = 0;
			shellPath = /bin/sh;
			shellScript = "# Type a script or drag a script file from your workspace to insert its path.\nif [[$ARCHS != \"x86_64\"]]; then\n    \"${PODS_ROOT}/Fabric/run\" 2b7f2649a89ec7162a4267caf217664a08962c85 50367c86428d4213370371894fe86ae1c9366798d1baa2dc1fe6a090fc7734a7 2b7f2649a89ec7162a4267caf217664a08962c85 50367c86428d4213370371894fe86ae1c9366798d1baa2dc1fe6a090fc7734a7\nfi\n";
		};
		07280D2A2408173C00C1ADD0 /* [CP] Embed Pods Frameworks */ = {
			isa = PBXShellScriptBuildPhase;
			buildActionMask = 2147483647;
			files = (
			);
			inputFileListPaths = (
			);
			inputPaths = (
				"${SRCROOT}/Pods/Target Support Files/Pods-fort-to-nite-catalyst/Pods-fort-to-nite-catalyst-frameworks.sh",
				"${BUILT_PRODUCTS_DIR}/Alamofire/Alamofire.framework",
				"${BUILT_PRODUCTS_DIR}/AlamofireImage/AlamofireImage.framework",
				"${BUILT_PRODUCTS_DIR}/ChameleonFramework/ChameleonFramework.framework",
				"${BUILT_PRODUCTS_DIR}/PKHUD/PKHUD.framework",
				"${BUILT_PRODUCTS_DIR}/Siren/Siren.framework",
				"${BUILT_PRODUCTS_DIR}/StatusAlert/StatusAlert.framework",
				"${BUILT_PRODUCTS_DIR}/SwiftMessages/SwiftMessages.framework",
				"${BUILT_PRODUCTS_DIR}/SwiftSpinner/SwiftSpinner.framework",
				"${BUILT_PRODUCTS_DIR}/WhatsNewKit/WhatsNewKit.framework",
			);
			name = "[CP] Embed Pods Frameworks";
			outputFileListPaths = (
			);
			outputPaths = (
				"${TARGET_BUILD_DIR}/${FRAMEWORKS_FOLDER_PATH}/Alamofire.framework",
				"${TARGET_BUILD_DIR}/${FRAMEWORKS_FOLDER_PATH}/AlamofireImage.framework",
				"${TARGET_BUILD_DIR}/${FRAMEWORKS_FOLDER_PATH}/ChameleonFramework.framework",
				"${TARGET_BUILD_DIR}/${FRAMEWORKS_FOLDER_PATH}/PKHUD.framework",
				"${TARGET_BUILD_DIR}/${FRAMEWORKS_FOLDER_PATH}/Siren.framework",
				"${TARGET_BUILD_DIR}/${FRAMEWORKS_FOLDER_PATH}/StatusAlert.framework",
				"${TARGET_BUILD_DIR}/${FRAMEWORKS_FOLDER_PATH}/SwiftMessages.framework",
				"${TARGET_BUILD_DIR}/${FRAMEWORKS_FOLDER_PATH}/SwiftSpinner.framework",
				"${TARGET_BUILD_DIR}/${FRAMEWORKS_FOLDER_PATH}/WhatsNewKit.framework",
			);
			runOnlyForDeploymentPostprocessing = 0;
			shellPath = /bin/sh;
			shellScript = "\"${SRCROOT}/Pods/Target Support Files/Pods-fort-to-nite-catalyst/Pods-fort-to-nite-catalyst-frameworks.sh\"\n";
			showEnvVarsInLog = 0;
		};
		C592F49F8F6707F4BB1546A1 /* [CP] Embed Pods Frameworks */ = {
			isa = PBXShellScriptBuildPhase;
			buildActionMask = 2147483647;
			files = (
			);
			inputFileListPaths = (
			);
			inputPaths = (
				"${SRCROOT}/Pods/Target Support Files/Pods-fort-to-nite/Pods-fort-to-nite-frameworks.sh",
				"${BUILT_PRODUCTS_DIR}/Alamofire/Alamofire.framework",
				"${BUILT_PRODUCTS_DIR}/AlamofireImage/AlamofireImage.framework",
				"${BUILT_PRODUCTS_DIR}/ChameleonFramework/ChameleonFramework.framework",
				"${BUILT_PRODUCTS_DIR}/GTMSessionFetcher/GTMSessionFetcher.framework",
				"${BUILT_PRODUCTS_DIR}/GoogleToolboxForMac/GoogleToolboxForMac.framework",
				"${BUILT_PRODUCTS_DIR}/GoogleUtilities/GoogleUtilities.framework",
				"${BUILT_PRODUCTS_DIR}/PKHUD/PKHUD.framework",
				"${BUILT_PRODUCTS_DIR}/PromisesObjC/FBLPromises.framework",
				"${BUILT_PRODUCTS_DIR}/Protobuf/protobuf.framework",
				"${BUILT_PRODUCTS_DIR}/Siren/Siren.framework",
				"${BUILT_PRODUCTS_DIR}/StatusAlert/StatusAlert.framework",
				"${BUILT_PRODUCTS_DIR}/SwiftMessages/SwiftMessages.framework",
				"${BUILT_PRODUCTS_DIR}/SwiftSpinner/SwiftSpinner.framework",
				"${BUILT_PRODUCTS_DIR}/WhatsNewKit/WhatsNewKit.framework",
				"${BUILT_PRODUCTS_DIR}/nanopb/nanopb.framework",
			);
			name = "[CP] Embed Pods Frameworks";
			outputFileListPaths = (
			);
			outputPaths = (
				"${TARGET_BUILD_DIR}/${FRAMEWORKS_FOLDER_PATH}/Alamofire.framework",
				"${TARGET_BUILD_DIR}/${FRAMEWORKS_FOLDER_PATH}/AlamofireImage.framework",
				"${TARGET_BUILD_DIR}/${FRAMEWORKS_FOLDER_PATH}/ChameleonFramework.framework",
				"${TARGET_BUILD_DIR}/${FRAMEWORKS_FOLDER_PATH}/GTMSessionFetcher.framework",
				"${TARGET_BUILD_DIR}/${FRAMEWORKS_FOLDER_PATH}/GoogleToolboxForMac.framework",
				"${TARGET_BUILD_DIR}/${FRAMEWORKS_FOLDER_PATH}/GoogleUtilities.framework",
				"${TARGET_BUILD_DIR}/${FRAMEWORKS_FOLDER_PATH}/PKHUD.framework",
				"${TARGET_BUILD_DIR}/${FRAMEWORKS_FOLDER_PATH}/FBLPromises.framework",
				"${TARGET_BUILD_DIR}/${FRAMEWORKS_FOLDER_PATH}/protobuf.framework",
				"${TARGET_BUILD_DIR}/${FRAMEWORKS_FOLDER_PATH}/Siren.framework",
				"${TARGET_BUILD_DIR}/${FRAMEWORKS_FOLDER_PATH}/StatusAlert.framework",
				"${TARGET_BUILD_DIR}/${FRAMEWORKS_FOLDER_PATH}/SwiftMessages.framework",
				"${TARGET_BUILD_DIR}/${FRAMEWORKS_FOLDER_PATH}/SwiftSpinner.framework",
				"${TARGET_BUILD_DIR}/${FRAMEWORKS_FOLDER_PATH}/WhatsNewKit.framework",
				"${TARGET_BUILD_DIR}/${FRAMEWORKS_FOLDER_PATH}/nanopb.framework",
			);
			runOnlyForDeploymentPostprocessing = 0;
			shellPath = /bin/sh;
			shellScript = "\"${SRCROOT}/Pods/Target Support Files/Pods-fort-to-nite/Pods-fort-to-nite-frameworks.sh\"\n";
			showEnvVarsInLog = 0;
		};
		ED6E450C414D9E84B7C6EA2B /* [CP] Check Pods Manifest.lock */ = {
			isa = PBXShellScriptBuildPhase;
			buildActionMask = 2147483647;
			files = (
			);
			inputFileListPaths = (
			);
			inputPaths = (
				"${PODS_PODFILE_DIR_PATH}/Podfile.lock",
				"${PODS_ROOT}/Manifest.lock",
			);
			name = "[CP] Check Pods Manifest.lock";
			outputFileListPaths = (
			);
			outputPaths = (
				"$(DERIVED_FILE_DIR)/Pods-fort-to-nite-checkManifestLockResult.txt",
			);
			runOnlyForDeploymentPostprocessing = 0;
			shellPath = /bin/sh;
			shellScript = "diff \"${PODS_PODFILE_DIR_PATH}/Podfile.lock\" \"${PODS_ROOT}/Manifest.lock\" > /dev/null\nif [ $? != 0 ] ; then\n    # print error to STDERR\n    echo \"error: The sandbox is not in sync with the Podfile.lock. Run 'pod install' or update your CocoaPods installation.\" >&2\n    exit 1\nfi\n# This output is used by Xcode 'outputs' to avoid re-running this script phase.\necho \"SUCCESS\" > \"${SCRIPT_OUTPUT_FILE_0}\"\n";
			showEnvVarsInLog = 0;
		};
/* End PBXShellScriptBuildPhase section */

/* Begin PBXSourcesBuildPhase section */
		0715AE022114A807007BD6F3 /* Sources */ = {
			isa = PBXSourcesBuildPhase;
			buildActionMask = 2147483647;
			files = (
				0715AE092114A807007BD6F3 /* fort_to_niteUITests.swift in Sources */,
			);
			runOnlyForDeploymentPostprocessing = 0;
		};
		0715AE122114AAA3007BD6F3 /* Sources */ = {
			isa = PBXSourcesBuildPhase;
			buildActionMask = 2147483647;
			files = (
				0715AE192114AAA3007BD6F3 /* fort_to_niteUIScreenshots.swift in Sources */,
				0715AE202114AAAC007BD6F3 /* SnapshotHelper.swift in Sources */,
			);
			runOnlyForDeploymentPostprocessing = 0;
		};
		07280D002408173C00C1ADD0 /* Sources */ = {
			isa = PBXSourcesBuildPhase;
			buildActionMask = 2147483647;
			files = (
				07280D012408173C00C1ADD0 /* WeaponViewController.swift in Sources */,
				07280D022408173C00C1ADD0 /* Messages.swift in Sources */,
				07280D032408173C00C1ADD0 /* DetailsItemViewController.swift in Sources */,
				07280D042408173C00C1ADD0 /* GradientView.swift in Sources */,
				07280D052408173C00C1ADD0 /* JsonImageCoordinator.swift in Sources */,
				07280D062408173C00C1ADD0 /* FavoritesTableViewController.swift in Sources */,
				07280D072408173C00C1ADD0 /* UserDefaults.swift in Sources */,
				07280D082408173C00C1ADD0 /* ErrorManager.swift in Sources */,
				07280D092408173C00C1ADD0 /* ItemsViewController.swift in Sources */,
				07280D0A2408173C00C1ADD0 /* DetailsForObjects.swift in Sources */,
				07280D0B2408173C00C1ADD0 /* Locations.swift in Sources */,
				07280D0C2408173C00C1ADD0 /* L10n.swift in Sources */,
				07280D0D2408173C00C1ADD0 /* JsonService.swift in Sources */,
				07280D0E2408173C00C1ADD0 /* WeaponsDetails.swift in Sources */,
				07280D0F2408173C00C1ADD0 /* NewKitViewController.swift in Sources */,
				07280D102408173C00C1ADD0 /* Items.swift in Sources */,
				07280D112408173C00C1ADD0 /* ShadowLayers.swift in Sources */,
				07280D122408173C00C1ADD0 /* DetailsWeaponViewController.swift in Sources */,
				07280D132408173C00C1ADD0 /* Weapons.swift in Sources */,
				07280D142408173C00C1ADD0 /* String.swift in Sources */,
				07280D152408173C00C1ADD0 /* SettingsHelper.swift in Sources */,
				07280D162408173C00C1ADD0 /* Store.swift in Sources */,
				07280D172408173C00C1ADD0 /* AppDelegate.swift in Sources */,
				07280D182408173C00C1ADD0 /* Throwable.swift in Sources */,
				07280D192408173C00C1ADD0 /* ItemsDetails.swift in Sources */,
				07280D1A2408173C00C1ADD0 /* WeaponsLevels.swift in Sources */,
				07280D1B2408173C00C1ADD0 /* StoreViewController.swift in Sources */,
				07280D1C2408173C00C1ADD0 /* MessagesHelper.swift in Sources */,
			);
			runOnlyForDeploymentPostprocessing = 0;
		};
		073A370D204D7CBA001D4AF5 /* Sources */ = {
			isa = PBXSourcesBuildPhase;
			buildActionMask = 2147483647;
			files = (
				07D562C4204F1C1600AE5A68 /* WeaponViewController.swift in Sources */,
				072F61C022F8128900E18C2A /* Messages.swift in Sources */,
				07631E27207F93A90078267B /* DetailsItemViewController.swift in Sources */,
				07D8EE1D21B5CB0C00904A46 /* GradientView.swift in Sources */,
				07281F2720AF0BCF0070BF57 /* JsonImageCoordinator.swift in Sources */,
				07493C9A20DD45BC00B7C5D1 /* FavoritesTableViewController.swift in Sources */,
				07714935229E700800C5BA37 /* UserDefaults.swift in Sources */,
				07FC946D209C61970077D9B0 /* ErrorManager.swift in Sources */,
				073A3734204D8EB8001D4AF5 /* ItemsViewController.swift in Sources */,
				0749725D204E7169006048C6 /* DetailsForObjects.swift in Sources */,
				079E87DA23A7E12700A8889A /* Locations.swift in Sources */,
				07A926FA22F9DBAA002DF911 /* L10n.swift in Sources */,
				076640792093516E0044900D /* JsonService.swift in Sources */,
				07378F2420506C38008B48D8 /* WeaponsDetails.swift in Sources */,
				07B1C9922100F47700DD7807 /* NewKitViewController.swift in Sources */,
				073A373F204DAB00001D4AF5 /* Items.swift in Sources */,
				071E386120775BBE006CAFD2 /* ShadowLayers.swift in Sources */,
				073A373B204D93B5001D4AF5 /* DetailsWeaponViewController.swift in Sources */,
				073A373D204DAA34001D4AF5 /* Weapons.swift in Sources */,
				072F61C522F8392300E18C2A /* String.swift in Sources */,
				07F558DF2330D94B00AAE9AC /* SettingsHelper.swift in Sources */,
				07D460FA219D796800D0A8D6 /* Store.swift in Sources */,
				073A3715204D7CBA001D4AF5 /* AppDelegate.swift in Sources */,
				076B4E28229E708000F398ED /* Throwable.swift in Sources */,
				07BDBDD8207D4FCB00BD5682 /* ItemsDetails.swift in Sources */,
				070A2E7C2050766A00541779 /* WeaponsLevels.swift in Sources */,
				07D460FC219DBA8000D0A8D6 /* StoreViewController.swift in Sources */,
				072F61C222F8342C00E18C2A /* MessagesHelper.swift in Sources */,
			);
			runOnlyForDeploymentPostprocessing = 0;
		};
/* End PBXSourcesBuildPhase section */

/* Begin PBXTargetDependency section */
		0715AE0C2114A807007BD6F3 /* PBXTargetDependency */ = {
			isa = PBXTargetDependency;
			target = 073A3710204D7CBA001D4AF5 /* fort-to-nite */;
			targetProxy = 0715AE0B2114A807007BD6F3 /* PBXContainerItemProxy */;
		};
		0715AE1C2114AAA3007BD6F3 /* PBXTargetDependency */ = {
			isa = PBXTargetDependency;
			target = 073A3710204D7CBA001D4AF5 /* fort-to-nite */;
			targetProxy = 0715AE1B2114AAA3007BD6F3 /* PBXContainerItemProxy */;
		};
/* End PBXTargetDependency section */

/* Begin PBXVariantGroup section */
		073A3718204D7CBA001D4AF5 /* Main.storyboard */ = {
			isa = PBXVariantGroup;
			children = (
				073A3719204D7CBA001D4AF5 /* Base */,
			);
			name = Main.storyboard;
			sourceTree = "<group>";
		};
		073A3720204D7CBB001D4AF5 /* LaunchScreen.storyboard */ = {
			isa = PBXVariantGroup;
			children = (
				073A3721204D7CBB001D4AF5 /* Base */,
			);
			name = LaunchScreen.storyboard;
			sourceTree = "<group>";
		};
/* End PBXVariantGroup section */

/* Begin XCBuildConfiguration section */
		0715AE0D2114A807007BD6F3 /* Release */ = {
			isa = XCBuildConfiguration;
			buildSettings = {
				CLANG_ENABLE_OBJC_WEAK = YES;
				CODE_SIGN_STYLE = Automatic;
				DEVELOPMENT_TEAM = 8268QCG5CG;
				INFOPLIST_FILE = "fort-to-niteUITests/Info.plist";
				IPHONEOS_DEPLOYMENT_TARGET = 11.4;
				LD_RUNPATH_SEARCH_PATHS = (
					"$(inherited)",
					"@executable_path/Frameworks",
					"@loader_path/Frameworks",
				);
				PRODUCT_BUNDLE_IDENTIFIER = "com.romainsickenberg.fort-to-niteUITests";
				PRODUCT_NAME = "$(TARGET_NAME)";
				SWIFT_VERSION = 4.2;
				TARGETED_DEVICE_FAMILY = "1,2";
				TEST_TARGET_NAME = "fort-to-nite";
			};
			name = Release;
		};
		0715AE0E2114A807007BD6F3 /* Debug */ = {
			isa = XCBuildConfiguration;
			buildSettings = {
				CLANG_ENABLE_OBJC_WEAK = YES;
				CODE_SIGN_STYLE = Automatic;
				DEBUG_INFORMATION_FORMAT = dwarf;
				DEVELOPMENT_TEAM = 8268QCG5CG;
				GCC_DYNAMIC_NO_PIC = NO;
				GCC_PREPROCESSOR_DEFINITIONS = (
					"DEBUG=1",
					"$(inherited)",
				);
				INFOPLIST_FILE = "fort-to-niteUITests/Info.plist";
				IPHONEOS_DEPLOYMENT_TARGET = 11.4;
				LD_RUNPATH_SEARCH_PATHS = (
					"$(inherited)",
					"@executable_path/Frameworks",
					"@loader_path/Frameworks",
				);
				MTL_ENABLE_DEBUG_INFO = YES;
				PRODUCT_BUNDLE_IDENTIFIER = "com.romainsickenberg.fort-to-niteUITests";
				PRODUCT_NAME = "$(TARGET_NAME)";
				SWIFT_ACTIVE_COMPILATION_CONDITIONS = DEBUG;
				SWIFT_VERSION = 4.2;
				TARGETED_DEVICE_FAMILY = "1,2";
				TEST_TARGET_NAME = "fort-to-nite";
			};
			name = Debug;
		};
		0715AE1E2114AAA3007BD6F3 /* Release */ = {
			isa = XCBuildConfiguration;
			buildSettings = {
				CLANG_ENABLE_OBJC_WEAK = YES;
				CODE_SIGN_STYLE = Automatic;
				DEVELOPMENT_TEAM = 8268QCG5CG;
				INFOPLIST_FILE = "fort-to-niteUIScreenshots/Info.plist";
				IPHONEOS_DEPLOYMENT_TARGET = 11.4;
				LD_RUNPATH_SEARCH_PATHS = (
					"$(inherited)",
					"@executable_path/Frameworks",
					"@loader_path/Frameworks",
				);
				PRODUCT_BUNDLE_IDENTIFIER = "com.romainsickenberg.fort-to-niteUIScreenshots";
				PRODUCT_NAME = "$(TARGET_NAME)";
				SWIFT_VERSION = 4.2;
				TARGETED_DEVICE_FAMILY = "1,2";
				TEST_TARGET_NAME = "fort-to-nite";
			};
			name = Release;
		};
		0715AE1F2114AAA3007BD6F3 /* Debug */ = {
			isa = XCBuildConfiguration;
			buildSettings = {
				CLANG_ENABLE_OBJC_WEAK = YES;
				CODE_SIGN_STYLE = Automatic;
				DEBUG_INFORMATION_FORMAT = dwarf;
				DEVELOPMENT_TEAM = 8268QCG5CG;
				GCC_DYNAMIC_NO_PIC = NO;
				GCC_PREPROCESSOR_DEFINITIONS = (
					"DEBUG=1",
					"$(inherited)",
				);
				INFOPLIST_FILE = "fort-to-niteUIScreenshots/Info.plist";
				IPHONEOS_DEPLOYMENT_TARGET = 11.4;
				LD_RUNPATH_SEARCH_PATHS = (
					"$(inherited)",
					"@executable_path/Frameworks",
					"@loader_path/Frameworks",
				);
				MTL_ENABLE_DEBUG_INFO = YES;
				PRODUCT_BUNDLE_IDENTIFIER = "com.romainsickenberg.fort-to-niteUIScreenshots";
				PRODUCT_NAME = "$(TARGET_NAME)";
				SWIFT_ACTIVE_COMPILATION_CONDITIONS = DEBUG;
				SWIFT_VERSION = 4.2;
				TARGETED_DEVICE_FAMILY = "1,2";
				TEST_TARGET_NAME = "fort-to-nite";
			};
			name = Debug;
		};
		07280D2C2408173C00C1ADD0 /* Release */ = {
			isa = XCBuildConfiguration;
			baseConfigurationReference = 73DE8F9286BED8BD1EE2F9D8 /* Pods-fort-to-nite-catalyst.release.xcconfig */;
			buildSettings = {
				ASSETCATALOG_COMPILER_APPICON_NAME = AppIcon;
				ASSETCATALOG_COMPILER_OPTIMIZATION = time;
				CLANG_USE_OPTIMIZATION_PROFILE = YES;
				CODE_SIGN_ENTITLEMENTS = "fort-to-nite/fort-to-nite.entitlements";
				CODE_SIGN_IDENTITY = "iPhone Developer";
				CODE_SIGN_STYLE = Automatic;
				DERIVE_MACCATALYST_PRODUCT_BUNDLE_IDENTIFIER = YES;
				DEVELOPMENT_TEAM = 8268QCG5CG;
				GCC_OPTIMIZATION_LEVEL = fast;
				INFOPLIST_FILE = "fort-to-nite copy-Info.plist";
				IPHONEOS_DEPLOYMENT_TARGET = 10.3;
				LD_RUNPATH_SEARCH_PATHS = (
					"$(inherited)",
					"@executable_path/Frameworks",
				);
				MARKETING_VERSION = 2.0.4;
				PODS_PODFILE_DIR_PATH = "${SRCROOT}/";
				PRODUCT_BUNDLE_IDENTIFIER = "me.romainsickenberg.fortnite-wiki";
				PRODUCT_NAME = "$(TARGET_NAME)";
				PROVISIONING_PROFILE = "";
				PROVISIONING_PROFILE_SPECIFIER = "";
				SUPPORTS_MACCATALYST = YES;
				SWIFT_VERSION = 5.0;
				TARGETED_DEVICE_FAMILY = "1,2";
				VERSIONING_SYSTEM = "apple-generic";
			};
			name = Release;
		};
		07280D2D2408173C00C1ADD0 /* Debug */ = {
			isa = XCBuildConfiguration;
			baseConfigurationReference = A3FAD07BEC4E55295C966C41 /* Pods-fort-to-nite-catalyst.debug.xcconfig */;
			buildSettings = {
				ASSETCATALOG_COMPILER_APPICON_NAME = AppIcon;
				ASSETCATALOG_COMPILER_OPTIMIZATION = time;
				CLANG_USE_OPTIMIZATION_PROFILE = YES;
				CODE_SIGN_ENTITLEMENTS = "fort-to-nite/fort-to-nite.entitlements";
				CODE_SIGN_IDENTITY = "iPhone Developer";
				CODE_SIGN_STYLE = Automatic;
				DERIVE_MACCATALYST_PRODUCT_BUNDLE_IDENTIFIER = YES;
				DEVELOPMENT_TEAM = 8268QCG5CG;
				INFOPLIST_FILE = "fort-to-nite copy-Info.plist";
				IPHONEOS_DEPLOYMENT_TARGET = 10.3;
				LD_RUNPATH_SEARCH_PATHS = (
					"$(inherited)",
					"@executable_path/Frameworks",
				);
				MARKETING_VERSION = 2.0.4;
				PODS_PODFILE_DIR_PATH = "${SRCROOT}/";
				PRODUCT_BUNDLE_IDENTIFIER = "me.romainsickenberg.fortnite-wiki";
				PRODUCT_NAME = "$(TARGET_NAME)";
				PROVISIONING_PROFILE = "";
				PROVISIONING_PROFILE_SPECIFIER = "";
				SUPPORTS_MACCATALYST = YES;
				SWIFT_VERSION = 5.0;
				TARGETED_DEVICE_FAMILY = "1,2";
				VERSIONING_SYSTEM = "apple-generic";
			};
			name = Debug;
		};
		073A3725204D7CBB001D4AF5 /* Release */ = {
			isa = XCBuildConfiguration;
			buildSettings = {
				ALWAYS_SEARCH_USER_PATHS = NO;
				ASSETCATALOG_COMPILER_OPTIMIZATION = time;
				CLANG_ANALYZER_LOCALIZABILITY_NONLOCALIZED = YES;
				CLANG_ANALYZER_NONNULL = YES;
				CLANG_ANALYZER_NUMBER_OBJECT_CONVERSION = YES_AGGRESSIVE;
				CLANG_CXX_LANGUAGE_STANDARD = "gnu++14";
				CLANG_CXX_LIBRARY = "libc++";
				CLANG_ENABLE_MODULES = YES;
				CLANG_ENABLE_OBJC_ARC = YES;
				CLANG_OPTIMIZATION_PROFILE_FILE = "";
				CLANG_WARN_BLOCK_CAPTURE_AUTORELEASING = YES;
				CLANG_WARN_BOOL_CONVERSION = YES;
				CLANG_WARN_COMMA = YES;
				CLANG_WARN_CONSTANT_CONVERSION = YES;
				CLANG_WARN_DEPRECATED_OBJC_IMPLEMENTATIONS = YES;
				CLANG_WARN_DIRECT_OBJC_ISA_USAGE = YES_ERROR;
				CLANG_WARN_DOCUMENTATION_COMMENTS = YES;
				CLANG_WARN_EMPTY_BODY = YES;
				CLANG_WARN_ENUM_CONVERSION = YES;
				CLANG_WARN_INFINITE_RECURSION = YES;
				CLANG_WARN_INT_CONVERSION = YES;
				CLANG_WARN_NON_LITERAL_NULL_CONVERSION = YES;
				CLANG_WARN_OBJC_IMPLICIT_RETAIN_SELF = YES;
				CLANG_WARN_OBJC_LITERAL_CONVERSION = YES;
				CLANG_WARN_OBJC_ROOT_CLASS = YES_ERROR;
				CLANG_WARN_RANGE_LOOP_ANALYSIS = YES;
				CLANG_WARN_STRICT_PROTOTYPES = YES;
				CLANG_WARN_SUSPICIOUS_MOVE = YES;
				CLANG_WARN_UNGUARDED_AVAILABILITY = YES_AGGRESSIVE;
				CLANG_WARN_UNREACHABLE_CODE = YES;
				CLANG_WARN__DUPLICATE_METHOD_MATCH = YES;
				CODE_SIGN_IDENTITY = "iPhone Developer";
				COPY_PHASE_STRIP = NO;
				CURRENT_PROJECT_VERSION = 39;
				DEBUG_INFORMATION_FORMAT = "dwarf-with-dsym";
				ENABLE_NS_ASSERTIONS = NO;
				ENABLE_STRICT_OBJC_MSGSEND = YES;
				GCC_C_LANGUAGE_STANDARD = gnu11;
				GCC_NO_COMMON_BLOCKS = YES;
				GCC_OPTIMIZATION_LEVEL = fast;
				GCC_WARN_64_TO_32_BIT_CONVERSION = YES;
				GCC_WARN_ABOUT_RETURN_TYPE = YES_ERROR;
				GCC_WARN_UNDECLARED_SELECTOR = YES;
				GCC_WARN_UNINITIALIZED_AUTOS = YES_AGGRESSIVE;
				GCC_WARN_UNUSED_FUNCTION = YES;
				GCC_WARN_UNUSED_VARIABLE = YES;
				IPHONEOS_DEPLOYMENT_TARGET = 11.2;
				MTL_ENABLE_DEBUG_INFO = NO;
				SDKROOT = iphoneos;
				SWIFT_COMPILATION_MODE = wholemodule;
				SWIFT_OPTIMIZATION_LEVEL = "-O";
				SWIFT_VERSION = 5.0;
				VALIDATE_PRODUCT = YES;
				VERSIONING_SYSTEM = "apple-generic";
			};
			name = Release;
		};
		073A3728204D7CBB001D4AF5 /* Release */ = {
			isa = XCBuildConfiguration;
			baseConfigurationReference = C538EB9E5806ED69D80420FE /* Pods-fort-to-nite.release.xcconfig */;
			buildSettings = {
				ASSETCATALOG_COMPILER_APPICON_NAME = AppIcon;
				ASSETCATALOG_COMPILER_OPTIMIZATION = time;
				CLANG_USE_OPTIMIZATION_PROFILE = YES;
				CODE_SIGN_ENTITLEMENTS = "fort-to-nite/fort-to-nite.entitlements";
				CODE_SIGN_IDENTITY = "iPhone Developer";
				CODE_SIGN_STYLE = Automatic;
				DEVELOPMENT_TEAM = 8268QCG5CG;
				GCC_OPTIMIZATION_LEVEL = fast;
				INFOPLIST_FILE = "fort-to-nite/Ressources/Info.plist";
				IPHONEOS_DEPLOYMENT_TARGET = 10.3;
				LD_RUNPATH_SEARCH_PATHS = (
					"$(inherited)",
					"@executable_path/Frameworks",
				);
				MARKETING_VERSION = 2.0.4;
				PODS_PODFILE_DIR_PATH = "${SRCROOT}/";
				PRODUCT_BUNDLE_IDENTIFIER = "me.romainsickenberg.fortnite-wiki";
				PRODUCT_NAME = "$(TARGET_NAME)";
				PROVISIONING_PROFILE = "";
				PROVISIONING_PROFILE_SPECIFIER = "";
				SUPPORTS_MACCATALYST = NO;
				SWIFT_VERSION = 5.0;
				TARGETED_DEVICE_FAMILY = "1,2";
				VERSIONING_SYSTEM = "apple-generic";
			};
			name = Release;
		};
		079C95E2204EC5EE006199C8 /* Debug */ = {
			isa = XCBuildConfiguration;
			buildSettings = {
				ALWAYS_SEARCH_USER_PATHS = NO;
				ASSETCATALOG_COMPILER_OPTIMIZATION = time;
				CLANG_ANALYZER_LOCALIZABILITY_NONLOCALIZED = YES;
				CLANG_ANALYZER_NONNULL = YES;
				CLANG_ANALYZER_NUMBER_OBJECT_CONVERSION = YES_AGGRESSIVE;
				CLANG_CXX_LANGUAGE_STANDARD = "gnu++14";
				CLANG_CXX_LIBRARY = "libc++";
				CLANG_ENABLE_MODULES = YES;
				CLANG_ENABLE_OBJC_ARC = YES;
				CLANG_OPTIMIZATION_PROFILE_FILE = "";
				CLANG_WARN_BLOCK_CAPTURE_AUTORELEASING = YES;
				CLANG_WARN_BOOL_CONVERSION = YES;
				CLANG_WARN_COMMA = YES;
				CLANG_WARN_CONSTANT_CONVERSION = YES;
				CLANG_WARN_DEPRECATED_OBJC_IMPLEMENTATIONS = YES;
				CLANG_WARN_DIRECT_OBJC_ISA_USAGE = YES_ERROR;
				CLANG_WARN_DOCUMENTATION_COMMENTS = YES;
				CLANG_WARN_EMPTY_BODY = YES;
				CLANG_WARN_ENUM_CONVERSION = YES;
				CLANG_WARN_INFINITE_RECURSION = YES;
				CLANG_WARN_INT_CONVERSION = YES;
				CLANG_WARN_NON_LITERAL_NULL_CONVERSION = YES;
				CLANG_WARN_OBJC_IMPLICIT_RETAIN_SELF = YES;
				CLANG_WARN_OBJC_LITERAL_CONVERSION = YES;
				CLANG_WARN_OBJC_ROOT_CLASS = YES_ERROR;
				CLANG_WARN_RANGE_LOOP_ANALYSIS = YES;
				CLANG_WARN_STRICT_PROTOTYPES = YES;
				CLANG_WARN_SUSPICIOUS_MOVE = YES;
				CLANG_WARN_UNGUARDED_AVAILABILITY = YES_AGGRESSIVE;
				CLANG_WARN_UNREACHABLE_CODE = YES;
				CLANG_WARN__DUPLICATE_METHOD_MATCH = YES;
				CODE_SIGN_IDENTITY = "iPhone Developer";
				COPY_PHASE_STRIP = NO;
				CURRENT_PROJECT_VERSION = 39;
				DEBUG_INFORMATION_FORMAT = "dwarf-with-dsym";
				ENABLE_NS_ASSERTIONS = NO;
				ENABLE_STRICT_OBJC_MSGSEND = YES;
				ENABLE_TESTABILITY = YES;
				GCC_C_LANGUAGE_STANDARD = gnu11;
				GCC_NO_COMMON_BLOCKS = YES;
				GCC_OPTIMIZATION_LEVEL = 0;
				GCC_WARN_64_TO_32_BIT_CONVERSION = YES;
				GCC_WARN_ABOUT_RETURN_TYPE = YES_ERROR;
				GCC_WARN_UNDECLARED_SELECTOR = YES;
				GCC_WARN_UNINITIALIZED_AUTOS = YES_AGGRESSIVE;
				GCC_WARN_UNUSED_FUNCTION = YES;
				GCC_WARN_UNUSED_VARIABLE = YES;
				IPHONEOS_DEPLOYMENT_TARGET = 11.2;
				MTL_ENABLE_DEBUG_INFO = NO;
				ONLY_ACTIVE_ARCH = YES;
				SDKROOT = iphoneos;
				SWIFT_OPTIMIZATION_LEVEL = "-Onone";
				SWIFT_VERSION = 5.0;
				VALIDATE_PRODUCT = YES;
				VERSIONING_SYSTEM = "apple-generic";
			};
			name = Debug;
		};
		079C95E3204EC5EE006199C8 /* Debug */ = {
			isa = XCBuildConfiguration;
			baseConfigurationReference = 8D1AB507E76CEB5CF362F1E5 /* Pods-fort-to-nite.debug.xcconfig */;
			buildSettings = {
				ASSETCATALOG_COMPILER_APPICON_NAME = AppIcon;
				ASSETCATALOG_COMPILER_OPTIMIZATION = time;
				CLANG_USE_OPTIMIZATION_PROFILE = YES;
				CODE_SIGN_ENTITLEMENTS = "fort-to-nite/fort-to-nite.entitlements";
				CODE_SIGN_IDENTITY = "iPhone Developer";
				CODE_SIGN_STYLE = Automatic;
				DEVELOPMENT_TEAM = 8268QCG5CG;
				INFOPLIST_FILE = "fort-to-nite/Ressources/Info.plist";
				IPHONEOS_DEPLOYMENT_TARGET = 10.3;
				LD_RUNPATH_SEARCH_PATHS = (
					"$(inherited)",
					"@executable_path/Frameworks",
				);
				MARKETING_VERSION = 2.0.4;
				PODS_PODFILE_DIR_PATH = "${SRCROOT}/";
				PRODUCT_BUNDLE_IDENTIFIER = "me.romainsickenberg.fortnite-wiki";
				PRODUCT_NAME = "$(TARGET_NAME)";
				PROVISIONING_PROFILE = "";
				PROVISIONING_PROFILE_SPECIFIER = "";
				SUPPORTS_MACCATALYST = NO;
				SWIFT_VERSION = 5.0;
				TARGETED_DEVICE_FAMILY = "1,2";
				VERSIONING_SYSTEM = "apple-generic";
			};
			name = Debug;
		};
/* End XCBuildConfiguration section */

/* Begin XCConfigurationList section */
		0715AE0F2114A807007BD6F3 /* Build configuration list for PBXNativeTarget "fort-to-niteUITests" */ = {
			isa = XCConfigurationList;
			buildConfigurations = (
				0715AE0D2114A807007BD6F3 /* Release */,
				0715AE0E2114A807007BD6F3 /* Debug */,
			);
			defaultConfigurationIsVisible = 0;
			defaultConfigurationName = Release;
		};
		0715AE1D2114AAA3007BD6F3 /* Build configuration list for PBXNativeTarget "fort-to-niteUIScreenshots" */ = {
			isa = XCConfigurationList;
			buildConfigurations = (
				0715AE1E2114AAA3007BD6F3 /* Release */,
				0715AE1F2114AAA3007BD6F3 /* Debug */,
			);
			defaultConfigurationIsVisible = 0;
			defaultConfigurationName = Release;
		};
		07280D2B2408173C00C1ADD0 /* Build configuration list for PBXNativeTarget "fort-to-nite-catalyst" */ = {
			isa = XCConfigurationList;
			buildConfigurations = (
				07280D2C2408173C00C1ADD0 /* Release */,
				07280D2D2408173C00C1ADD0 /* Debug */,
			);
			defaultConfigurationIsVisible = 0;
			defaultConfigurationName = Release;
		};
		073A370C204D7CBA001D4AF5 /* Build configuration list for PBXProject "fort-to-nite" */ = {
			isa = XCConfigurationList;
			buildConfigurations = (
				073A3725204D7CBB001D4AF5 /* Release */,
				079C95E2204EC5EE006199C8 /* Debug */,
			);
			defaultConfigurationIsVisible = 0;
			defaultConfigurationName = Release;
		};
		073A3726204D7CBB001D4AF5 /* Build configuration list for PBXNativeTarget "fort-to-nite" */ = {
			isa = XCConfigurationList;
			buildConfigurations = (
				073A3728204D7CBB001D4AF5 /* Release */,
				079C95E3204EC5EE006199C8 /* Debug */,
			);
			defaultConfigurationIsVisible = 0;
			defaultConfigurationName = Release;
		};
/* End XCConfigurationList section */
	};
	rootObject = 073A3709204D7CBA001D4AF5 /* Project object */;
}
